{
    "_readme": [
        "This file locks the dependencies of your project to a known state",
        "Read more about it at https://getcomposer.org/doc/01-basic-usage.md#installing-dependencies",
        "This file is @generated automatically"
    ],
    "content-hash": "fbf834f209c9ba5ce8f3d379212b9925",
    "packages": [
        {
            "name": "vanilor/ulf-php-core",
            "version": "dev-dev",
            "source": {
                "type": "git",
                "url": "https://gitlab.com/Vanilor/ulf-php-core.git",
                "reference": "ff1cfebab2e68ec0677b1beaaf9672f777ce79da"
            },
            "dist": {
                "type": "zip",
                "url": "https://gitlab.com/api/v4/projects/Vanilor%2Fulf-php-core/repository/archive.zip?sha=ff1cfebab2e68ec0677b1beaaf9672f777ce79da",
                "reference": "ff1cfebab2e68ec0677b1beaaf9672f777ce79da",
                "shasum": ""
            },
            "require": {
                "ext-json": "*",
                "php": "^7.4"
            },
            "default-branch": true,
            "type": "framework",
            "autoload": {
                "psr-4": {
                    "": "src/"
                },
                "files": [
                    "src/ULF/Core/Funcs.php"
                ]
            },
            "notification-url": "https://packagist.org/downloads/",
            "license": [
                "MIT"
            ],
            "authors": [
                {
                    "name": "Vanilor",
                    "email": "dev@vanilor.info"
                }
            ],
            "description": "The core of the U-LF PHP framework",
            "support": {
                "issues": "https://gitlab.com/api/v4/projects/20739249/issues"
            },
            "time": "2021-03-24T08:46:48+00:00"
        }
    ],
    "packages-dev": [],
    "aliases": [],
    "minimum-stability": "dev",
    "stability-flags": {
        "vanilor/ulf-php-core": 20
    },
    "prefer-stable": false,
    "prefer-lowest": false,
    "platform": {
        "php": "^7.4",
        "ext-json": "*",
        "ext-pdo": "*"
    },
    "platform-dev": [],
    "plugin-api-version": "2.1.0"
}
